
Microsoft Visual Studio Solution File, Format Version 11.00
# Visual Studio 2010
Project("{2857B73E-F847-4B02-9238-064979017E93}") = "CGrafos", "CGrafos.cproj", "{45707E5C-99A2-4671-B0C9-B887555BC53E}"
EndProject
Global
	GlobalSection(SolutionConfigurationPlatforms) = preSolution
		Debug|Any CPU = Debug|Any CPU
		Release|Any CPU = Release|Any CPU
	EndGlobalSection
	GlobalSection(ProjectConfigurationPlatforms) = postSolution
		{45707E5C-99A2-4671-B0C9-B887555BC53E}.Debug|Any CPU.ActiveCfg = Debug|Any CPU
		{45707E5C-99A2-4671-B0C9-B887555BC53E}.Debug|Any CPU.Build.0 = Debug|Any CPU
		{45707E5C-99A2-4671-B0C9-B887555BC53E}.Release|Any CPU.ActiveCfg = Release|Any CPU
		{45707E5C-99A2-4671-B0C9-B887555BC53E}.Release|Any CPU.Build.0 = Release|Any CPU
	EndGlobalSection
	GlobalSection(MonoDevelopProperties) = preSolution
		StartupItem = CGrafos.cproj
	EndGlobalSection
EndGlobal
